{
    "_meta": {
        "hash": {
            "sha256": "acb2cd02cbd01e6ce0a398f3088f3ef0cf49ecaad435cf17bb7b6ed71758cc97"
        },
        "pipfile-spec": 6,
        "requires": {
            "python_version": "3.7"
        },
        "sources": [
            {
                "name": "pypi",
                "url": "https://pypi.org/simple",
                "verify_ssl": true
            }
        ]
    },
    "default": {
        "dataclassy": {
            "hashes": [
                "sha256:ad6622cb91e644d13f68768558983fbc22c90a8ff7e355638485d18b9baf1198",
                "sha256:bcb030d3d700cf9b1597042bbc8375b92773e6f68f65675a7071862c0ddb87f5"
            ],
            "index": "pypi",
            "version": "==0.11.1"
        }
    },
    "develop": {}
}
